
Microsoft Visual Studio Solution File, Format Version 12.00
# Visual Studio Version 16
VisualStudioVersion = 16.0.29709.97
MinimumVisualStudioVersion = 10.0.40219.1
Project("{2150E333-8FDC-42A3-9474-1A3956D46DE8}") = "CleanArch.Application", "CleanArch.Application", "{98BDDAF0-8DFF-48A3-8841-FB32F103E2E5}"
EndProject
Project("{2150E333-8FDC-42A3-9474-1A3956D46DE8}") = "CleanArch.Domain", "CleanArch.Domain", "{FD737121-1508-4ABB-BD27-56B5E1BEDEE6}"
EndProject
Project("{2150E333-8FDC-42A3-9474-1A3956D46DE8}") = "CleanArch.Infra.IoC", "CleanArch.Infra.IoC", "{949B6F7B-9A20-43D6-B452-2A8D06C9C65F}"
EndProject
Project("{2150E333-8FDC-42A3-9474-1A3956D46DE8}") = "CleanArch.Infra.Data", "CleanArch.Infra.Data", "{9E69342F-B110-42D5-8C57-AEE7FB8F15CE}"
EndProject
Project("{2150E333-8FDC-42A3-9474-1A3956D46DE8}") = "CleanArch.UI.MVC", "CleanArch.UI.MVC", "{53D6A571-DE99-419E-8FBA-6EA700CF281F}"
EndProject
Project("{FAE04EC0-301F-11D3-BF4B-00C04F79EFBC}") = "CleanArch.Mvc", "CleanArch.Mvc\CleanArch.Mvc.csproj", "{909534B4-B4A9-4CB9-ACF1-88329397ED77}"
EndProject
Global
	GlobalSection(SolutionConfigurationPlatforms) = preSolution
		Debug|Any CPU = Debug|Any CPU
		Release|Any CPU = Release|Any CPU
	EndGlobalSection
	GlobalSection(ProjectConfigurationPlatforms) = postSolution
		{909534B4-B4A9-4CB9-ACF1-88329397ED77}.Debug|Any CPU.ActiveCfg = Debug|Any CPU
		{909534B4-B4A9-4CB9-ACF1-88329397ED77}.Debug|Any CPU.Build.0 = Debug|Any CPU
		{909534B4-B4A9-4CB9-ACF1-88329397ED77}.Release|Any CPU.ActiveCfg = Release|Any CPU
		{909534B4-B4A9-4CB9-ACF1-88329397ED77}.Release|Any CPU.Build.0 = Release|Any CPU
	EndGlobalSection
	GlobalSection(SolutionProperties) = preSolution
		HideSolutionNode = FALSE
	EndGlobalSection
	GlobalSection(NestedProjects) = preSolution
		{909534B4-B4A9-4CB9-ACF1-88329397ED77} = {53D6A571-DE99-419E-8FBA-6EA700CF281F}
	EndGlobalSection
	GlobalSection(ExtensibilityGlobals) = postSolution
		SolutionGuid = {8C4024B1-9155-40C6-B634-91B3825D4646}
	EndGlobalSection
EndGlobal
